version: 6
environments:
  default:
    channels:
    - url: https://conda.anaconda.org/conda-forge/
    options:
      pypi-prerelease-mode: if-necessary-or-explicit
    packages:
      linux-64:
      - conda: https://conda.anaconda.org/conda-forge/linux-64/_openmp_mutex-4.5-20_gnu.conda
      - conda: https://conda.anaconda.org/conda-forge/linux-64/binutils_impl_linux-64-2.45.1-default_hfdba357_101.conda
      - conda: https://conda.anaconda.org/conda-forge/linux-64/gcc_impl_linux-64-15.2.0-he420e7e_18.conda
      - conda: https://conda.anaconda.org/conda-forge/noarch/kernel-headers_linux-64-4.18.0-he073ed8_9.conda
      - conda: https://conda.anaconda.org/conda-forge/linux-64/ld_impl_linux-64-2.45.1-default_hbd61a6d_101.conda
      - conda: https://conda.anaconda.org/conda-forge/linux-64/libgcc-15.2.0-he0feb66_18.conda
      - conda: https://conda.anaconda.org/conda-forge/noarch/libgcc-devel_linux-64-15.2.0-hcc6f6b0_118.conda
      - conda: https://conda.anaconda.org/conda-forge/linux-64/libgomp-15.2.0-he0feb66_18.conda
      - conda: https://conda.anaconda.org/conda-forge/linux-64/libsanitizer-15.2.0-h90f66d4_18.conda
      - conda: https://conda.anaconda.org/conda-forge/linux-64/libstdcxx-15.2.0-h934c35e_18.conda
      - conda: https://conda.anaconda.org/conda-forge/noarch/libstdcxx-devel_linux-64-15.2.0-hd446a21_118.conda
      - conda: https://conda.anaconda.org/conda-forge/linux-64/libzlib-1.3.1-hb9d3cd8_2.conda
      - conda: https://conda.anaconda.org/conda-forge/linux-64/rust-1.93.1-h53717f1_0.conda
      - conda: https://conda.anaconda.org/conda-forge/noarch/rust-src-1.93.1-unix_0.conda
      - conda: https://conda.anaconda.org/conda-forge/noarch/rust-std-x86_64-unknown-linux-gnu-1.93.1-h2c6d0dc_0.conda
      - conda: https://conda.anaconda.org/conda-forge/noarch/sysroot_linux-64-2.28-h4ee821c_9.conda
      - conda: https://conda.anaconda.org/conda-forge/noarch/tzdata-2025c-hc9c84f9_1.conda
      - conda: https://conda.anaconda.org/conda-forge/linux-64/zstd-1.5.7-hb78ec9c_6.conda
      linux-aarch64:
      - conda: https://conda.anaconda.org/conda-forge/linux-aarch64/_openmp_mutex-4.5-20_gnu.conda
      - conda: https://conda.anaconda.org/conda-forge/linux-aarch64/binutils_impl_linux-aarch64-2.45.1-default_h5f4c503_101.conda
      - conda: https://conda.anaconda.org/conda-forge/linux-aarch64/gcc_impl_linux-aarch64-15.2.0-hcedddb3_18.conda
      - conda: https://conda.anaconda.org/conda-forge/noarch/kernel-headers_linux-aarch64-4.18.0-h05a177a_9.conda
      - conda: https://conda.anaconda.org/conda-forge/linux-aarch64/ld_impl_linux-aarch64-2.45.1-default_h1979696_101.conda
      - conda: https://conda.anaconda.org/conda-forge/linux-aarch64/libgcc-15.2.0-h8acb6b2_18.conda
      - conda: https://conda.anaconda.org/conda-forge/noarch/libgcc-devel_linux-aarch64-15.2.0-h55c397f_118.conda
      - conda: https://conda.anaconda.org/conda-forge/linux-aarch64/libgomp-15.2.0-h8acb6b2_18.conda
      - conda: https://conda.anaconda.org/conda-forge/linux-aarch64/libsanitizer-15.2.0-he19c465_18.conda
      - conda: https://conda.anaconda.org/conda-forge/linux-aarch64/libstdcxx-15.2.0-hef695bb_18.conda
      - conda: https://conda.anaconda.org/conda-forge/noarch/libstdcxx-devel_linux-aarch64-15.2.0-ha7b1723_118.conda
      - conda: https://conda.anaconda.org/conda-forge/linux-aarch64/libzlib-1.3.1-h86ecc28_2.conda
      - conda: https://conda.anaconda.org/conda-forge/linux-aarch64/rust-1.93.1-h6cf38e9_0.conda
      - conda: https://conda.anaconda.org/conda-forge/noarch/rust-src-1.93.1-unix_0.conda
      - conda: https://conda.anaconda.org/conda-forge/noarch/rust-std-aarch64-unknown-linux-gnu-1.93.1-hbe8e118_0.conda
      - conda: https://conda.anaconda.org/conda-forge/noarch/sysroot_linux-aarch64-2.28-h585391f_9.conda
      - conda: https://conda.anaconda.org/conda-forge/noarch/tzdata-2025c-hc9c84f9_1.conda
      - conda: https://conda.anaconda.org/conda-forge/linux-aarch64/zstd-1.5.7-h85ac4a6_6.conda
      osx-64:
      - conda: https://conda.anaconda.org/conda-forge/osx-64/rust-1.93.1-h34a2095_0.conda
      - conda: https://conda.anaconda.org/conda-forge/noarch/rust-src-1.93.1-unix_0.conda
      - conda: https://conda.anaconda.org/conda-forge/noarch/rust-std-x86_64-apple-darwin-1.93.1-h38e4360_0.conda
      osx-arm64:
      - conda: https://conda.anaconda.org/conda-forge/osx-arm64/rust-1.93.1-h4ff7c5d_0.conda
      - conda: https://conda.anaconda.org/conda-forge/noarch/rust-src-1.93.1-unix_0.conda
      - conda: https://conda.anaconda.org/conda-forge/noarch/rust-std-aarch64-apple-darwin-1.93.1-hf6ec828_0.conda
      win-64:
      - conda: https://conda.anaconda.org/conda-forge/win-64/rust-1.93.1-hf8d6059_0.conda
      - conda: https://conda.anaconda.org/conda-forge/noarch/rust-src-1.93.1-win_0.conda
      - conda: https://conda.anaconda.org/conda-forge/noarch/rust-std-x86_64-pc-windows-msvc-1.93.1-h17fc481_0.conda
packages:
- conda: https://conda.anaconda.org/conda-forge/linux-64/_openmp_mutex-4.5-20_gnu.conda
  build_number: 20
  sha256: 1dd3fffd892081df9726d7eb7e0dea6198962ba775bd88842135a4ddb4deb3c9
  md5: a9f577daf3de00bca7c3c76c0ecbd1de
  depends:
  - __glibc >=2.17,<3.0.a0
  - libgomp >=7.5.0
  constrains:
  - openmp_impl <0.0a0
  license: BSD-3-Clause
  license_family: BSD
  size: 28948
  timestamp: 1770939786096
- conda: https://conda.anaconda.org/conda-forge/linux-aarch64/_openmp_mutex-4.5-20_gnu.conda
  build_number: 20
  sha256: a2527b1d81792a0ccd2c05850960df119c2b6d8f5fdec97f2db7d25dc23b1068
  md5: 468fd3bb9e1f671d36c2cbc677e56f1d
  depends:
  - libgomp >=7.5.0
  constrains:
  - openmp_impl <0.0a0
  license: BSD-3-Clause
  license_family: BSD
  size: 28926
  timestamp: 1770939656741
- conda: https://conda.anaconda.org/conda-forge/linux-64/binutils_impl_linux-64-2.45.1-default_hfdba357_101.conda
  sha256: 74341b26a2b9475dc14ba3cf12432fcd10a23af285101883e720216d81d44676
  md5: 83aa53cb3f5fc849851a84d777a60551
  depends:
  - ld_impl_linux-64 2.45.1 default_hbd61a6d_101
  - sysroot_linux-64
  - zstd >=1.5.7,<1.6.0a0
  license: GPL-3.0-only
  license_family: GPL
  size: 3744895
  timestamp: 1770267152681
- conda: https://conda.anaconda.org/conda-forge/linux-aarch64/binutils_impl_linux-aarch64-2.45.1-default_h5f4c503_101.conda
  sha256: e90ab42a5225dc1eaa6e4e7201cd7b8ed52dad6ec46814be7e5a4039433ae85c
  md5: df6e1dc38cbe5642350fa09d4a1d546b
  depends:
  - ld_impl_linux-aarch64 2.45.1 default_h1979696_101
  - sysroot_linux-aarch64
  - zstd >=1.5.7,<1.6.0a0
  license: GPL-3.0-only
  license_family: GPL
  size: 4741684
  timestamp: 1770267224406
- conda: https://conda.anaconda.org/conda-forge/linux-64/gcc_impl_linux-64-15.2.0-he420e7e_18.conda
  sha256: a088cfd3ae6fa83815faa8703bc9d21cc915f17bd1b51aac9c16ddf678da21e4
  md5: cf56b6d74f580b91fd527e10d9a2e324
  depends:
  - binutils_impl_linux-64 >=2.45
  - libgcc >=15.2.0
  - libgcc-devel_linux-64 15.2.0 hcc6f6b0_118
  - libgomp >=15.2.0
  - libsanitizer 15.2.0 h90f66d4_18
  - libstdcxx >=15.2.0
  - libstdcxx-devel_linux-64 15.2.0 hd446a21_118
  - sysroot_linux-64
  license: GPL-3.0-only WITH GCC-exception-3.1
  license_family: GPL
  size: 81814135
  timestamp: 1771378369317
- conda: https://conda.anaconda.org/conda-forge/linux-aarch64/gcc_impl_linux-aarch64-15.2.0-hcedddb3_18.conda
  sha256: 12919d985a6c6787872699c7a3c295dad07f4084f2d850e9c7fe592ee0a6806b
  md5: 761a75d8c098913bc1186b26588051e0
  depends:
  - binutils_impl_linux-aarch64 >=2.45
  - libgcc >=15.2.0
  - libgcc-devel_linux-aarch64 15.2.0 h55c397f_118
  - libgomp >=15.2.0
  - libsanitizer 15.2.0 he19c465_18
  - libstdcxx >=15.2.0
  - libstdcxx-devel_linux-aarch64 15.2.0 ha7b1723_118
  - sysroot_linux-aarch64
  license: GPL-3.0-only WITH GCC-exception-3.1
  license_family: GPL
  size: 73516504
  timestamp: 1771378256368
- conda: https://conda.anaconda.org/conda-forge/noarch/kernel-headers_linux-64-4.18.0-he073ed8_9.conda
  sha256: 41557eeadf641de6aeae49486cef30d02a6912d8da98585d687894afd65b356a
  md5: 86d9cba083cd041bfbf242a01a7a1999
  constrains:
  - sysroot_linux-64 ==2.28
  license: LGPL-2.0-or-later AND LGPL-2.0-or-later WITH exceptions AND GPL-2.0-or-later
  license_family: GPL
  size: 1278712
  timestamp: 1765578681495
- conda: https://conda.anaconda.org/conda-forge/noarch/kernel-headers_linux-aarch64-4.18.0-h05a177a_9.conda
  sha256: 5d224bf4df9bac24e69de41897c53756108c5271a0e5d2d2f66fd4e2fbc1d84b
  md5: bb3b7cad9005f2cbf9d169fb30263f3e
  constrains:
  - sysroot_linux-aarch64 ==2.28
  license: LGPL-2.0-or-later AND LGPL-2.0-or-later WITH exceptions AND GPL-2.0-or-later
  license_family: GPL
  size: 1248134
  timestamp: 1765578613607
- conda: https://conda.anaconda.org/conda-forge/linux-64/ld_impl_linux-64-2.45.1-default_hbd61a6d_101.conda
  sha256: 565941ac1f8b0d2f2e8f02827cbca648f4d18cd461afc31f15604cd291b5c5f3
  md5: 12bd9a3f089ee6c9266a37dab82afabd
  depends:
  - __glibc >=2.17,<3.0.a0
  - zstd >=1.5.7,<1.6.0a0
  constrains:
  - binutils_impl_linux-64 2.45.1
  license: GPL-3.0-only
  license_family: GPL
  size: 725507
  timestamp: 1770267139900
- conda: https://conda.anaconda.org/conda-forge/linux-aarch64/ld_impl_linux-aarch64-2.45.1-default_h1979696_101.conda
  sha256: 44527364aa333be631913451c32eb0cae1e09343827e9ce3ccabd8d962584226
  md5: 35b2ae7fadf364b8e5fb8185aaeb80e5
  depends:
  - zstd >=1.5.7,<1.6.0a0
  constrains:
  - binutils_impl_linux-aarch64 2.45.1
  license: GPL-3.0-only
  license_family: GPL
  size: 875924
  timestamp: 1770267209884
- conda: https://conda.anaconda.org/conda-forge/linux-64/libgcc-15.2.0-he0feb66_18.conda
  sha256: faf7d2017b4d718951e3a59d081eb09759152f93038479b768e3d612688f83f5
  md5: 0aa00f03f9e39fb9876085dee11a85d4
  depends:
  - __glibc >=2.17,<3.0.a0
  - _openmp_mutex >=4.5
  constrains:
  - libgcc-ng ==15.2.0=*_18
  - libgomp 15.2.0 he0feb66_18
  license: GPL-3.0-only WITH GCC-exception-3.1
  license_family: GPL
  size: 1041788
  timestamp: 1771378212382
- conda: https://conda.anaconda.org/conda-forge/linux-aarch64/libgcc-15.2.0-h8acb6b2_18.conda
  sha256: 43df385bedc1cab11993c4369e1f3b04b4ca5d0ea16cba6a0e7f18dbc129fcc9
  md5: 552567ea2b61e3a3035759b2fdb3f9a6
  depends:
  - _openmp_mutex >=4.5
  constrains:
  - libgcc-ng ==15.2.0=*_18
  - libgomp 15.2.0 h8acb6b2_18
  license: GPL-3.0-only WITH GCC-exception-3.1
  license_family: GPL
  size: 622900
  timestamp: 1771378128706
- conda: https://conda.anaconda.org/conda-forge/noarch/libgcc-devel_linux-64-15.2.0-hcc6f6b0_118.conda
  sha256: af69fc5852908d26e5b630b270982ac792506551dd6af1614bf0370dd5ab5746
  md5: 5d3a96d55f1be45fef88ee23155effd9
  depends:
  - __unix
  license: GPL-3.0-only WITH GCC-exception-3.1
  license_family: GPL
  size: 3085932
  timestamp: 1771378098166
- conda: https://conda.anaconda.org/conda-forge/noarch/libgcc-devel_linux-aarch64-15.2.0-h55c397f_118.conda
  sha256: 661e29553769ceb5874eb1ed6c00263fcd36fac9f5fe0fee65d5e5cac3187ff3
  md5: 42284981c315916d916fb3156b8d5b9e
  depends:
  - __unix
  license: GPL-3.0-only WITH GCC-exception-3.1
  license_family: GPL
  size: 2364690
  timestamp: 1771378032404
- conda: https://conda.anaconda.org/conda-forge/linux-64/libgomp-15.2.0-he0feb66_18.conda
  sha256: 21337ab58e5e0649d869ab168d4e609b033509de22521de1bfed0c031bfc5110
  md5: 239c5e9546c38a1e884d69effcf4c882
  depends:
  - __glibc >=2.17,<3.0.a0
  license: GPL-3.0-only WITH GCC-exception-3.1
  license_family: GPL
  size: 603262
  timestamp: 1771378117851
- conda: https://conda.anaconda.org/conda-forge/linux-aarch64/libgomp-15.2.0-h8acb6b2_18.conda
  sha256: fc716f11a6a8525e27a5d332ef6a689210b0d2a4dd1133edc0f530659aa9faa6
  md5: 4faa39bf919939602e594253bd673958
  license: GPL-3.0-only WITH GCC-exception-3.1
  license_family: GPL
  size: 588060
  timestamp: 1771378040807
- conda: https://conda.anaconda.org/conda-forge/linux-64/libsanitizer-15.2.0-h90f66d4_18.conda
  sha256: 0329e23d54a567c259adc962a62172eaa55e6ca33c105ef67b4f3cdb4ef70eaa
  md5: ff754fbe790d4e70cf38aea3668c3cb3
  depends:
  - __glibc >=2.17,<3.0.a0
  - libgcc >=15.2.0
  - libstdcxx >=15.2.0
  license: GPL-3.0-only WITH GCC-exception-3.1
  license_family: GPL
  size: 8095113
  timestamp: 1771378289674
- conda: https://conda.anaconda.org/conda-forge/linux-aarch64/libsanitizer-15.2.0-he19c465_18.conda
  sha256: 10c42c4e12972088cf0d5f57393f83e6727ad31bdb38ae46935641861f394698
  md5: 589c6fc3e744df871bbbf703f1e6ce98
  depends:
  - libgcc >=15.2.0
  - libstdcxx >=15.2.0
  license: GPL-3.0-only WITH GCC-exception-3.1
  license_family: GPL
  size: 7164557
  timestamp: 1771378185265
- conda: https://conda.anaconda.org/conda-forge/linux-64/libstdcxx-15.2.0-h934c35e_18.conda
  sha256: 78668020064fdaa27e9ab65cd2997e2c837b564ab26ce3bf0e58a2ce1a525c6e
  md5: 1b08cd684f34175e4514474793d44bcb
  depends:
  - __glibc >=2.17,<3.0.a0
  - libgcc 15.2.0 he0feb66_18
  constrains:
  - libstdcxx-ng ==15.2.0=*_18
  license: GPL-3.0-only WITH GCC-exception-3.1
  license_family: GPL
  size: 5852330
  timestamp: 1771378262446
- conda: https://conda.anaconda.org/conda-forge/linux-aarch64/libstdcxx-15.2.0-hef695bb_18.conda
  sha256: 31fdb9ffafad106a213192d8319b9f810e05abca9c5436b60e507afb35a6bc40
  md5: f56573d05e3b735cb03efeb64a15f388
  depends:
  - libgcc 15.2.0 h8acb6b2_18
  constrains:
  - libstdcxx-ng ==15.2.0=*_18
  license: GPL-3.0-only WITH GCC-exception-3.1
  license_family: GPL
  size: 5541411
  timestamp: 1771378162499
- conda: https://conda.anaconda.org/conda-forge/noarch/libstdcxx-devel_linux-64-15.2.0-hd446a21_118.conda
  sha256: 138ee40ba770abf4556ee9981879da9e33299f406a450831b48c1c397d7d0833
  md5: a50630d1810916fc252b2152f1dc9d6d
  depends:
  - __unix
  license: GPL-3.0-only WITH GCC-exception-3.1
  license_family: GPL
  size: 20669511
  timestamp: 1771378139786
- conda: https://conda.anaconda.org/conda-forge/noarch/libstdcxx-devel_linux-aarch64-15.2.0-ha7b1723_118.conda
  sha256: 52afca5e24e0bbc840cf9c28b440dea2cebc4500e97084a38cdd27fdc8a3e57c
  md5: 99ea26f70c5e380294e760e8bdbaddff
  depends:
  - __unix
  license: GPL-3.0-only WITH GCC-exception-3.1
  license_family: GPL
  size: 17628403
  timestamp: 1771378058765
- conda: https://conda.anaconda.org/conda-forge/linux-64/libzlib-1.3.1-hb9d3cd8_2.conda
  sha256: d4bfe88d7cb447768e31650f06257995601f89076080e76df55e3112d4e47dc4
  md5: edb0dca6bc32e4f4789199455a1dbeb8
  depends:
  - __glibc >=2.17,<3.0.a0
  - libgcc >=13
  constrains:
  - zlib 1.3.1 *_2
  license: Zlib
  license_family: Other
  size: 60963
  timestamp: 1727963148474
- conda: https://conda.anaconda.org/conda-forge/linux-aarch64/libzlib-1.3.1-h86ecc28_2.conda
  sha256: 5a2c1eeef69342e88a98d1d95bff1603727ab1ff4ee0e421522acd8813439b84
  md5: 08aad7cbe9f5a6b460d0976076b6ae64
  depends:
  - libgcc >=13
  constrains:
  - zlib 1.3.1 *_2
  license: Zlib
  license_family: Other
  size: 66657
  timestamp: 1727963199518
- conda: https://conda.anaconda.org/conda-forge/linux-64/rust-1.93.1-h53717f1_0.conda
  sha256: 21e067aabf5863eee02fc5681a6d56de888abea6eaa521abf756b707c0dbcd39
  md5: f05b79be5b5f13fecc79af60892bb1c4
  depends:
  - __glibc >=2.17,<3.0.a0
  - gcc_impl_linux-64
  - libgcc >=14
  - libzlib >=1.3.1,<2.0a0
  - rust-std-x86_64-unknown-linux-gnu 1.93.1 h2c6d0dc_0
  - sysroot_linux-64 >=2.17
  license: MIT
  license_family: MIT
  size: 177821736
  timestamp: 1771008968072
- conda: https://conda.anaconda.org/conda-forge/linux-aarch64/rust-1.93.1-h6cf38e9_0.conda
  sha256: 0b3f1c4d552092345f32d4723adfbb77aba02175615cda40454963f4136cba3d
  md5: 27e0439ad967c39b26045a52764abc91
  depends:
  - gcc_impl_linux-aarch64
  - libgcc >=14
  - libzlib >=1.3.1,<2.0a0
  - rust-std-aarch64-unknown-linux-gnu 1.93.1 hbe8e118_0
  - sysroot_linux-aarch64 >=2.17
  license: MIT
  license_family: MIT
  size: 139979043
  timestamp: 1771009599403
- conda: https://conda.anaconda.org/conda-forge/osx-64/rust-1.93.1-h34a2095_0.conda
  sha256: 9440f5fc8a369c98afe23578c6953841db76d7a8dddd70147083bb763161aa4b
  md5: 23a55fe1b39ec665344faf185a6f206c
  depends:
  - rust-std-x86_64-apple-darwin 1.93.1 h38e4360_0
  license: MIT
  license_family: MIT
  size: 201445167
  timestamp: 1771008247355
- conda: https://conda.anaconda.org/conda-forge/osx-arm64/rust-1.93.1-h4ff7c5d_0.conda
  sha256: 5c7bf3200b072752878281fee69077a6731d491562e03ddaa46df0058ff9d706
  md5: 9d63a676e2138373a5520b820f34a3ab
  depends:
  - rust-std-aarch64-apple-darwin 1.93.1 hf6ec828_0
  license: MIT
  license_family: MIT
  size: 181513569
  timestamp: 1771008421760
- conda: https://conda.anaconda.org/conda-forge/win-64/rust-1.93.1-hf8d6059_0.conda
  sha256: ca85fab88197407d0a240eb43ca9c454e00068d7b8cd75c0e88e3ba00ea64116
  md5: 426d6deb734b4e00a7e413ddf281f1dd
  depends:
  - rust-std-x86_64-pc-windows-msvc 1.93.1 h17fc481_0
  license: MIT
  license_family: MIT
  size: 199507365
  timestamp: 1771011101657
- conda: https://conda.anaconda.org/conda-forge/noarch/rust-src-1.93.1-unix_0.conda
  sha256: 0a3b42d73b02cf6d58561ad9394db19885cf8c85e431468a65a33407ace96660
  md5: a46314117619f908633193033c28ee0e
  depends:
  - __unix
  constrains:
  - rust >=1.93.1,<1.93.2.0a0
  license: MIT
  license_family: MIT
  size: 4432837
  timestamp: 1771008376862
- conda: https://conda.anaconda.org/conda-forge/noarch/rust-src-1.93.1-win_0.conda
  sha256: 13d99b991ae7e399f36bc5a90fdc1b648ba3ee967f9e93cb8e5a20dec46630a1
  md5: 9b654b8fa6c5966386758c0471a9dee4
  depends:
  - __win
  constrains:
  - rust >=1.93.1,<1.93.2.0a0
  license: MIT
  license_family: MIT
  size: 4420543
  timestamp: 1771009913343
- conda: https://conda.anaconda.org/conda-forge/noarch/rust-std-aarch64-apple-darwin-1.93.1-hf6ec828_0.conda
  sha256: 738563b1144c277822379194e7cf3980327f2b22fc0f46a20e432c177d6fa156
  md5: 7ad7ce45df53349e3bc817ed384496fd
  depends:
  - __unix
  constrains:
  - rust >=1.93.1,<1.93.2.0a0
  license: MIT
  license_family: MIT
  size: 35165708
  timestamp: 1771008221089
- conda: https://conda.anaconda.org/conda-forge/noarch/rust-std-aarch64-unknown-linux-gnu-1.93.1-hbe8e118_0.conda
  sha256: 82dbb0788d7896a9270ebc17712d41a1391fb2bebaed7847ce66985e6cbd6c92
  md5: 62fbbf47f940ed4c722a0cf156d86ba0
  depends:
  - __unix
  constrains:
  - rust >=1.93.1,<1.93.2.0a0
  license: MIT
  license_family: MIT
  size: 38356812
  timestamp: 1771009097984
- conda: https://conda.anaconda.org/conda-forge/noarch/rust-std-x86_64-apple-darwin-1.93.1-h38e4360_0.conda
  sha256: 5ea1c73d032db26113d4a36a3ee018bc11011bf92683601c431c1977c1a12602
  md5: 52882f7e6444793d09d8345e46537113
  depends:
  - __unix
  constrains:
  - rust >=1.93.1,<1.93.2.0a0
  license: MIT
  license_family: MIT
  size: 36439422
  timestamp: 1771008122211
- conda: https://conda.anaconda.org/conda-forge/noarch/rust-std-x86_64-pc-windows-msvc-1.93.1-h17fc481_0.conda
  sha256: 02604af1baf2fcef0184ca3dd1e78dde5a87982f3193fc2fc0bbd5e752597a77
  md5: 68a38a410f3652df865e3d536e52e541
  depends:
  - __win
  constrains:
  - rust >=1.93.1,<1.93.2.0a0
  license: MIT
  license_family: MIT
  size: 28799384
  timestamp: 1771010950507
- conda: https://conda.anaconda.org/conda-forge/noarch/rust-std-x86_64-unknown-linux-gnu-1.93.1-h2c6d0dc_0.conda
  sha256: fb979ded3c378074457af671a4f7317e0e24ba9393a4ace33d7d87efe055752e
  md5: b202bf8a5113a75a130ca5f6f111dda7
  depends:
  - __unix
  constrains:
  - rust >=1.93.1,<1.93.2.0a0
  license: MIT
  license_family: MIT
  size: 38400767
  timestamp: 1771008857576
- conda: https://conda.anaconda.org/conda-forge/noarch/sysroot_linux-64-2.28-h4ee821c_9.conda
  sha256: c47299fe37aebb0fcf674b3be588e67e4afb86225be4b0d452c7eb75c086b851
  md5: 13dc3adbc692664cd3beabd216434749
  depends:
  - __glibc >=2.28
  - kernel-headers_linux-64 4.18.0 he073ed8_9
  - tzdata
  license: LGPL-2.0-or-later AND LGPL-2.0-or-later WITH exceptions AND GPL-2.0-or-later
  license_family: GPL
  size: 24008591
  timestamp: 1765578833462
- conda: https://conda.anaconda.org/conda-forge/noarch/sysroot_linux-aarch64-2.28-h585391f_9.conda
  sha256: 1bd2db6b2e451247bab103e4a0128cf6c7595dd72cb26d70f7fadd9edd1d1bc3
  md5: fdf07ab944a222ff28c754914fdb0740
  depends:
  - __glibc >=2.28
  - kernel-headers_linux-aarch64 4.18.0 h05a177a_9
  - tzdata
  license: LGPL-2.0-or-later AND LGPL-2.0-or-later WITH exceptions AND GPL-2.0-or-later
  license_family: GPL
  size: 23644746
  timestamp: 1765578629426
- conda: https://conda.anaconda.org/conda-forge/noarch/tzdata-2025c-hc9c84f9_1.conda
  sha256: 1d30098909076af33a35017eed6f2953af1c769e273a0626a04722ac4acaba3c
  md5: ad659d0a2b3e47e38d829aa8cad2d610
  license: LicenseRef-Public-Domain
  size: 119135
  timestamp: 1767016325805
- conda: https://conda.anaconda.org/conda-forge/linux-64/zstd-1.5.7-hb78ec9c_6.conda
  sha256: 68f0206ca6e98fea941e5717cec780ed2873ffabc0e1ed34428c061e2c6268c7
  md5: 4a13eeac0b5c8e5b8ab496e6c4ddd829
  depends:
  - __glibc >=2.17,<3.0.a0
  - libzlib >=1.3.1,<2.0a0
  license: BSD-3-Clause
  license_family: BSD
  size: 601375
  timestamp: 1764777111296
- conda: https://conda.anaconda.org/conda-forge/linux-aarch64/zstd-1.5.7-h85ac4a6_6.conda
  sha256: 569990cf12e46f9df540275146da567d9c618c1e9c7a0bc9d9cfefadaed20b75
  md5: c3655f82dcea2aa179b291e7099c1fcc
  depends:
  - libzlib >=1.3.1,<2.0a0
  license: BSD-3-Clause
  license_family: BSD
  size: 614429
  timestamp: 1764777145593
